
Microsoft Visual Studio Solution File, Format Version 12.00
# Visual Studio Version 17
VisualStudioVersion = 17.1.32421.90
MinimumVisualStudioVersion = 10.0.40219.1
Project("{FAE04EC0-301F-11D3-BF4B-00C04F79EFBC}") = "AmjConsoleApp1", "AmjConsoleApp1\AmjConsoleApp1.csproj", "{B17D6BC0-F7F7-44EC-9F8D-4CD5F03D94C0}"
EndProject
Global
	GlobalSection(SolutionConfigurationPlatforms) = preSolution
		Debug|Any CPU = Debug|Any CPU
		Release|Any CPU = Release|Any CPU
	EndGlobalSection
	GlobalSection(ProjectConfigurationPlatforms) = postSolution
		{B17D6BC0-F7F7-44EC-9F8D-4CD5F03D94C0}.Debug|Any CPU.ActiveCfg = Debug|Any CPU
		{B17D6BC0-F7F7-44EC-9F8D-4CD5F03D94C0}.Debug|Any CPU.Build.0 = Debug|Any CPU
		{B17D6BC0-F7F7-44EC-9F8D-4CD5F03D94C0}.Release|Any CPU.ActiveCfg = Release|Any CPU
		{B17D6BC0-F7F7-44EC-9F8D-4CD5F03D94C0}.Release|Any CPU.Build.0 = Release|Any CPU
	EndGlobalSection
	GlobalSection(SolutionProperties) = preSolution
		HideSolutionNode = FALSE
	EndGlobalSection
	GlobalSection(ExtensibilityGlobals) = postSolution
		SolutionGuid = {433EB135-FCAB-4308-911C-002228A1056C}
	EndGlobalSection
EndGlobal
